# This file is generated by running "yarn install" inside your project.
# Manual changes might be lost - proceed with caution!

__metadata:
  version: 6
  cacheKey: 8

"docs@workspace:docs":
  version: 0.0.0-use.local
  resolution: "docs@workspace:docs"
  dependencies:
    envinfo: 7.8.0
  languageName: unknown
  linkType: soft

"envinfo@npm:7.8.0":
  version: 7.8.0
  resolution: "envinfo@npm:7.8.0"
  bin:
    envinfo: dist/cli.js
  checksum: 27733b917c38407738a03b3ef750ac5c8e639cb1821bccd5a030b6b9cfd60cc6194cc2452a110fe1849e132c5289e4110fffacecb93253d32b7b6d30467ec97f
  languageName: node
  linkType: hard

"husky@npm:7.0.0":
  version: 7.0.0
  resolution: "husky@npm:7.0.0"
  bin:
    husky: lib/bin.js
  checksum: 2b9848c6365ad43110e19cffbf715ef695f2bcd8c98ee263b67389b492fe6b4045cad7be2af393b89c2d5effe3b97a6ff0443f869e9407d954bb93e17dade8a0
  languageName: node
  linkType: hard

"yarn-version-issue@workspace:.":
  version: 0.0.0-use.local
  resolution: "yarn-version-issue@workspace:."
  dependencies:
    husky: 7.0.0
  languageName: unknown
  linkType: soft
