# This file is generated by running "yarn install" inside your project.
# Manual changes might be lost - proceed with caution!

__metadata:
  version: 6
  cacheKey: 8

"docs@workspace:docs":
  version: 0.0.0-use.local
  resolution: "docs@workspace:docs"
  dependencies:
    envinfo: 7.8.0
  languageName: unknown
  linkType: soft

"envinfo@npm:7.8.0":
  version: 7.8.0
  resolution: "envinfo@npm:7.8.0"
  bin:
    envinfo: dist/cli.js
  checksum: 27733b917c38407738a03b3ef750ac5c8e639cb1821bccd5a030b6b9cfd60cc6194cc2452a110fe1849e132c5289e4110fffacecb93253d32b7b6d30467ec97f
  languageName: node
  linkType: hard

"husky@npm:7.0.4":
  version: 7.0.4
  resolution: "husky@npm:7.0.4"
  bin:
    husky: lib/bin.js
  checksum: c6ec4af63da2c9522da8674a20ad9b48362cc92704896cc8a58c6a2a39d797feb2b806f93fbd83a6d653fbdceb2c3b6e0b602c6b2e8565206ffc2882ef7db9e9
  languageName: node
  linkType: hard

"yarn-version-issue@workspace:.":
  version: 0.0.0-use.local
  resolution: "yarn-version-issue@workspace:."
  dependencies:
    husky: 7.0.4
  languageName: unknown
  linkType: soft
