# This file is generated by running "yarn install" inside your project.
# Manual changes might be lost - proceed with caution!

__metadata:
  version: 6
  cacheKey: 8

"docs@workspace:docs":
  version: 0.0.0-use.local
  resolution: "docs@workspace:docs"
  dependencies:
    envinfo: 7.8.0
  languageName: unknown
  linkType: soft

"envinfo@npm:7.8.0":
  version: 7.8.0
  resolution: "envinfo@npm:7.8.0"
  bin:
    envinfo: dist/cli.js
  checksum: 27733b917c38407738a03b3ef750ac5c8e639cb1821bccd5a030b6b9cfd60cc6194cc2452a110fe1849e132c5289e4110fffacecb93253d32b7b6d30467ec97f
  languageName: node
  linkType: hard

"husky@npm:8.0.1":
  version: 8.0.1
  resolution: "husky@npm:8.0.1"
  bin:
    husky: lib/bin.js
  checksum: 943a73a13d0201318fd30e83d299bb81d866bd245b69e6277804c3b462638dc1921694cb94c2b8c920a4a187060f7d6058d3365152865406352e934c5fff70dc
  languageName: node
  linkType: hard

"yarn-version-issue@workspace:.":
  version: 0.0.0-use.local
  resolution: "yarn-version-issue@workspace:."
  dependencies:
    husky: 8.0.1
  languageName: unknown
  linkType: soft
